
Microsoft Visual Studio Solution File, Format Version 12.00
# Visual Studio 2012
Project("{2150E333-8FDC-42A3-9474-1A3956D46DE8}") = "Source", "Source", "{214D8725-D25E-419A-9059-AEF1975D937E}"
EndProject
Project("{2150E333-8FDC-42A3-9474-1A3956D46DE8}") = "Data", "Data", "{EB2C1A53-E50F-4BEC-B9FF-82FD1165013B}"
EndProject
Project("{2150E333-8FDC-42A3-9474-1A3956D46DE8}") = "BusinessLogic", "BusinessLogic", "{5D2B91F7-7689-4997-A47C-508719A8AD84}"
EndProject
Project("{2150E333-8FDC-42A3-9474-1A3956D46DE8}") = "Services", "Services", "{3F0C2D3B-ADC9-4425-B6D9-C3D6E32ABF50}"
EndProject
Project("{2150E333-8FDC-42A3-9474-1A3956D46DE8}") = "Host", "Host", "{5D6BDFC2-EF33-43EE-9D95-80187D131466}"
EndProject
Project("{2150E333-8FDC-42A3-9474-1A3956D46DE8}") = "Web", "Web", "{68E38D6D-2D7D-4C2D-8D00-406FC297BA0D}"
EndProject
Project("{2150E333-8FDC-42A3-9474-1A3956D46DE8}") = "Proxy", "Proxy", "{804B13E5-1116-456A-B485-F0881EF40550}"
EndProject
Project("{FAE04EC0-301F-11D3-BF4B-00C04F79EFBC}") = "Glintths.Er.WebServices", "Glintths.Er.WebServices\Glintths.Er.WebServices.csproj", "{17B04C87-FFE2-4848-8D98-D66B3752638B}"
EndProject
Project("{FAE04EC0-301F-11D3-BF4B-00C04F79EFBC}") = "Glintths.Er.Common.Data", "Data\Glintths.Er.Common.Data\Glintths.Er.Common.Data.csproj", "{5D6F9E1A-DC75-4526-A7C7-90DD77672D7A}"
EndProject
Project("{FAE04EC0-301F-11D3-BF4B-00C04F79EFBC}") = "Glintths.Base.WCF", "Services\Glintths.Base.WCF\Glintths.Base.WCF.csproj", "{12416075-E31D-4F57-A7EC-0FF2E17473F0}"
EndProject
Project("{FAE04EC0-301F-11D3-BF4B-00C04F79EFBC}") = "Glintths.Base.WCF.BusinessLogic", "BusinessLogic\Glintths.Base.WCF.BusinessLogic\Glintths.Base.WCF.BusinessLogic.csproj", "{7CC155D4-F8E5-4626-AA04-52940350CC78}"
EndProject
Project("{E24C65DC-7377-472B-9ABA-BC803B73C61A}") = "Glintths.Base.WCF.Host", "Hosts\Glintths.Base.WCF.Host", "{A2DD6EB9-7BE2-4C1F-891C-34045BA93BD7}"
	ProjectSection(WebsiteProperties) = preProject
		SccProjectName = "SAK"
		SccAuxPath = "SAK"
		SccLocalPath = "SAK"
		SccProvider = "SAK"
		TargetFrameworkMoniker = ".NETFramework,Version%3Dv4.0"
		ProjectReferences = "{12416075-E31D-4F57-A7EC-0FF2E17473F0}|Glintths.Base.WCF.dll;{7CC155D4-F8E5-4626-AA04-52940350CC78}|Glintths.Base.WCF.BusinessLogic.dll;{5D6F9E1A-DC75-4526-A7C7-90DD77672D7A}|Glintths.Er.Common.Data.dll;"
		Debug.AspNetCompiler.VirtualPath = "/Glintths.Base.WCF.Host"
		Debug.AspNetCompiler.PhysicalPath = "Hosts\Glintths.Base.WCF.Host\"
		Debug.AspNetCompiler.TargetPath = "PrecompiledWeb\Glintths.Base.WCF.Host\"
		Debug.AspNetCompiler.Updateable = "true"
		Debug.AspNetCompiler.ForceOverwrite = "true"
		Debug.AspNetCompiler.FixedNames = "false"
		Debug.AspNetCompiler.Debug = "True"
		Release.AspNetCompiler.VirtualPath = "/Glintths.Base.WCF.Host"
		Release.AspNetCompiler.PhysicalPath = "Hosts\Glintths.Base.WCF.Host\"
		Release.AspNetCompiler.TargetPath = "PrecompiledWeb\Glintths.Base.WCF.Host\"
		Release.AspNetCompiler.Updateable = "true"
		Release.AspNetCompiler.ForceOverwrite = "true"
		Release.AspNetCompiler.FixedNames = "false"
		Release.AspNetCompiler.Debug = "False"
		VWDPort = "51689"
		DefaultWebSiteLanguage = "Visual C#"
		StartServerOnDebug = "false"
	EndProjectSection
EndProject
Project("{FAE04EC0-301F-11D3-BF4B-00C04F79EFBC}") = "Cpchs.Entities.WCF", "Services\Cpchs.Entities.WCF\Cpchs.Entities.WCF.csproj", "{93B1ED63-EEF4-4D43-B213-1B01B619B86B}"
EndProject
Project("{FAE04EC0-301F-11D3-BF4B-00C04F79EFBC}") = "Glintths.Entities.WCF.BusinessLogic", "BusinessLogic\Glintths.Entities.WCF.BusinessLogic\Glintths.Entities.WCF.BusinessLogic.csproj", "{2C8728FA-02C6-48DA-A1D6-4CB394AE87FB}"
EndProject
Project("{E24C65DC-7377-472B-9ABA-BC803B73C61A}") = "Cpchs.Entities.WCF.Host", "Hosts\Cpchs.Entities.WCF.Host", "{E3095A60-F659-4318-B8A7-215B489F4052}"
	ProjectSection(WebsiteProperties) = preProject
		SccProjectName = "SAK"
		SccAuxPath = "SAK"
		SccLocalPath = "SAK"
		SccProvider = "SAK"
		TargetFrameworkMoniker = ".NETFramework,Version%3Dv4.0"
		ProjectReferences = "{93B1ED63-EEF4-4D43-B213-1B01B619B86B}|Cpchs.Entities.WCF.dll;{2C8728FA-02C6-48DA-A1D6-4CB394AE87FB}|Glintths.Entities.WCF.BusinessLogic.dll;{5D6F9E1A-DC75-4526-A7C7-90DD77672D7A}|Glintths.Er.Common.Data.dll;"
		Debug.AspNetCompiler.VirtualPath = "/Cpchs.Entities.WCF.Host"
		Debug.AspNetCompiler.PhysicalPath = "Hosts\Cpchs.Entities.WCF.Host\"
		Debug.AspNetCompiler.TargetPath = "PrecompiledWeb\Cpchs.Entities.WCF.Host\"
		Debug.AspNetCompiler.Updateable = "true"
		Debug.AspNetCompiler.ForceOverwrite = "true"
		Debug.AspNetCompiler.FixedNames = "false"
		Debug.AspNetCompiler.Debug = "True"
		Release.AspNetCompiler.VirtualPath = "/Cpchs.Entities.WCF.Host"
		Release.AspNetCompiler.PhysicalPath = "Hosts\Cpchs.Entities.WCF.Host\"
		Release.AspNetCompiler.TargetPath = "PrecompiledWeb\Cpchs.Entities.WCF.Host\"
		Release.AspNetCompiler.Updateable = "true"
		Release.AspNetCompiler.ForceOverwrite = "true"
		Release.AspNetCompiler.FixedNames = "false"
		Release.AspNetCompiler.Debug = "False"
		VWDPort = "53253"
		DefaultWebSiteLanguage = "Visual C#"
	EndProjectSection
EndProject
Project("{FAE04EC0-301F-11D3-BF4B-00C04F79EFBC}") = "Cpchs.Documents.WCF", "Services\Cpchs.Documents.WCF\Cpchs.Documents.WCF.csproj", "{B60C7916-A1BF-46EE-9691-940471BA88B2}"
EndProject
Project("{FAE04EC0-301F-11D3-BF4B-00C04F79EFBC}") = "Glintths.Documents.WCF.BusinessLogic", "BusinessLogic\Glintths.Documents.WCF.BusinessLogic\Glintths.Documents.WCF.BusinessLogic.csproj", "{61FE2787-CD73-4DE9-921B-BEDE6C1044AD}"
EndProject
Project("{E24C65DC-7377-472B-9ABA-BC803B73C61A}") = "Cpchs.Documents.WCF.Host", "Hosts\Cpchs.Documents.WCF.Host", "{73CBA495-D444-4FE3-9581-10D69F8D94D3}"
	ProjectSection(WebsiteProperties) = preProject
		SccProjectName = "SAK"
		SccAuxPath = "SAK"
		SccLocalPath = "SAK"
		SccProvider = "SAK"
		TargetFrameworkMoniker = ".NETFramework,Version%3Dv4.0"
		ProjectReferences = "{B60C7916-A1BF-46EE-9691-940471BA88B2}|Cpchs.Documents.WCF.dll;{93B1ED63-EEF4-4D43-B213-1B01B619B86B}|Cpchs.Entities.WCF.dll;{2C8728FA-02C6-48DA-A1D6-4CB394AE87FB}|Glintths.Entities.WCF.BusinessLogic.dll;{5D6F9E1A-DC75-4526-A7C7-90DD77672D7A}|Glintths.Er.Common.Data.dll;{61FE2787-CD73-4DE9-921B-BEDE6C1044AD}|Glintths.Documents.WCF.BusinessLogic.dll;"
		Debug.AspNetCompiler.VirtualPath = "/Cpchs.Documents.WCF.Host"
		Debug.AspNetCompiler.PhysicalPath = "Hosts\Cpchs.Documents.WCF.Host\"
		Debug.AspNetCompiler.TargetPath = "PrecompiledWeb\Cpchs.Documents.WCF.Host\"
		Debug.AspNetCompiler.Updateable = "true"
		Debug.AspNetCompiler.ForceOverwrite = "true"
		Debug.AspNetCompiler.FixedNames = "false"
		Debug.AspNetCompiler.Debug = "True"
		Release.AspNetCompiler.VirtualPath = "/Cpchs.Documents.WCF.Host"
		Release.AspNetCompiler.PhysicalPath = "Hosts\Cpchs.Documents.WCF.Host\"
		Release.AspNetCompiler.TargetPath = "PrecompiledWeb\Cpchs.Documents.WCF.Host\"
		Release.AspNetCompiler.Updateable = "true"
		Release.AspNetCompiler.ForceOverwrite = "true"
		Release.AspNetCompiler.FixedNames = "false"
		Release.AspNetCompiler.Debug = "False"
		VWDPort = "51691"
		DefaultWebSiteLanguage = "Visual C#"
		StartServerOnDebug = "false"
	EndProjectSection
EndProject
Project("{FAE04EC0-301F-11D3-BF4B-00C04F79EFBC}") = "Glintths.Activities.WCF.BusinessLogic", "BusinessLogic\Glintths.Activities.WCF.BusinessLogic\Glintths.Activities.WCF.BusinessLogic.csproj", "{7D7FABA8-C234-4027-8E85-BEDF975A397A}"
EndProject
Project("{FAE04EC0-301F-11D3-BF4B-00C04F79EFBC}") = "Cpchs.Activities.WCF", "Services\Cpchs.Activities.WCF\Cpchs.Activities.WCF.csproj", "{F56E86EE-7CD3-4054-AB48-8F02C25C1210}"
EndProject
Project("{E24C65DC-7377-472B-9ABA-BC803B73C61A}") = "Cpchs.Activities.WCF.Host", "Hosts\Cpchs.Activities.WCF.Host", "{E074C8CC-C217-406F-A8BF-09707A18EE6A}"
	ProjectSection(WebsiteProperties) = preProject
		SccProjectName = "SAK"
		SccAuxPath = "SAK"
		SccLocalPath = "SAK"
		SccProvider = "SAK"
		TargetFrameworkMoniker = ".NETFramework,Version%3Dv4.0"
		ProjectReferences = "{F56E86EE-7CD3-4054-AB48-8F02C25C1210}|Cpchs.Activities.WCF.dll;{7D7FABA8-C234-4027-8E85-BEDF975A397A}|Glintths.Activities.WCF.BusinessLogic.dll;{5D6F9E1A-DC75-4526-A7C7-90DD77672D7A}|Glintths.Er.Common.Data.dll;"
		Debug.AspNetCompiler.VirtualPath = "/Cpchs.Activities.WCF.Host"
		Debug.AspNetCompiler.PhysicalPath = "Hosts\Cpchs.Activities.WCF.Host\"
		Debug.AspNetCompiler.TargetPath = "PrecompiledWeb\Cpchs.Activities.WCF.Host\"
		Debug.AspNetCompiler.Updateable = "true"
		Debug.AspNetCompiler.ForceOverwrite = "true"
		Debug.AspNetCompiler.FixedNames = "false"
		Debug.AspNetCompiler.Debug = "True"
		Release.AspNetCompiler.VirtualPath = "/Cpchs.Activities.WCF.Host"
		Release.AspNetCompiler.PhysicalPath = "Hosts\Cpchs.Activities.WCF.Host\"
		Release.AspNetCompiler.TargetPath = "PrecompiledWeb\Cpchs.Activities.WCF.Host\"
		Release.AspNetCompiler.Updateable = "true"
		Release.AspNetCompiler.ForceOverwrite = "true"
		Release.AspNetCompiler.FixedNames = "false"
		Release.AspNetCompiler.Debug = "False"
		VWDPort = "58014"
		DefaultWebSiteLanguage = "Visual C#"
		StartServerOnDebug = "false"
	EndProjectSection
EndProject
Project("{FAE04EC0-301F-11D3-BF4B-00C04F79EFBC}") = "Cpchs.History.WCF", "Services\Cpchs.History.WCF\Cpchs.History.WCF.csproj", "{DC3E76FB-7C01-48DB-893B-EE21CAA520DE}"
EndProject
Project("{E24C65DC-7377-472B-9ABA-BC803B73C61A}") = "Cpchs.History.WCF.Host", "Hosts\Cpchs.History.WCF.Host", "{4BD99734-A782-4FDE-84ED-37BAB3DCC61F}"
	ProjectSection(WebsiteProperties) = preProject
		SccProjectName = "SAK"
		SccAuxPath = "SAK"
		SccLocalPath = "SAK"
		SccProvider = "SAK"
		TargetFrameworkMoniker = ".NETFramework,Version%3Dv4.0"
		ProjectReferences = "{DC3E76FB-7C01-48DB-893B-EE21CAA520DE}|Cpchs.History.WCF.dll;{5D6F9E1A-DC75-4526-A7C7-90DD77672D7A}|Glintths.Er.Common.Data.dll;"
		Debug.AspNetCompiler.VirtualPath = "/Cpchs.History.WCF.Host"
		Debug.AspNetCompiler.PhysicalPath = "Hosts\Cpchs.History.WCF.Host\"
		Debug.AspNetCompiler.TargetPath = "PrecompiledWeb\Cpchs.History.WCF.Host\"
		Debug.AspNetCompiler.Updateable = "true"
		Debug.AspNetCompiler.ForceOverwrite = "true"
		Debug.AspNetCompiler.FixedNames = "false"
		Debug.AspNetCompiler.Debug = "True"
		Release.AspNetCompiler.VirtualPath = "/Cpchs.History.WCF.Host"
		Release.AspNetCompiler.PhysicalPath = "Hosts\Cpchs.History.WCF.Host\"
		Release.AspNetCompiler.TargetPath = "PrecompiledWeb\Cpchs.History.WCF.Host\"
		Release.AspNetCompiler.Updateable = "true"
		Release.AspNetCompiler.ForceOverwrite = "true"
		Release.AspNetCompiler.FixedNames = "false"
		Release.AspNetCompiler.Debug = "False"
		VWDPort = "53263"
		DefaultWebSiteLanguage = "Visual C#"
	EndProjectSection
EndProject
Project("{E24C65DC-7377-472B-9ABA-BC803B73C61A}") = "Glintths.Er.AnaRes.Host", "Hosts\Glintths.Er.AnaRes.Host", "{C2DB52B1-4A35-44F8-8224-F8682C724EFA}"
	ProjectSection(WebsiteProperties) = preProject
		SccProjectName = "SAK"
		SccAuxPath = "SAK"
		SccLocalPath = "SAK"
		SccProvider = "SAK"
		TargetFrameworkMoniker = ".NETFramework,Version%3Dv4.0"
		Debug.AspNetCompiler.VirtualPath = "/Glintths.Er.AnaRes.Host"
		Debug.AspNetCompiler.PhysicalPath = "Hosts\Glintths.Er.AnaRes.Host\"
		Debug.AspNetCompiler.TargetPath = "PrecompiledWeb\Glintths.Er.AnaRes.Host\"
		Debug.AspNetCompiler.Updateable = "true"
		Debug.AspNetCompiler.ForceOverwrite = "true"
		Debug.AspNetCompiler.FixedNames = "false"
		Debug.AspNetCompiler.Debug = "True"
		Release.AspNetCompiler.VirtualPath = "/Glintths.Er.AnaRes.Host"
		Release.AspNetCompiler.PhysicalPath = "Hosts\Glintths.Er.AnaRes.Host\"
		Release.AspNetCompiler.TargetPath = "PrecompiledWeb\Glintths.Er.AnaRes.Host\"
		Release.AspNetCompiler.Updateable = "true"
		Release.AspNetCompiler.ForceOverwrite = "true"
		Release.AspNetCompiler.FixedNames = "false"
		Release.AspNetCompiler.Debug = "False"
		VWDPort = "57686"
		StartServerOnDebug = "false"
	EndProjectSection
EndProject
Project("{FAE04EC0-301F-11D3-BF4B-00C04F79EFBC}") = "Glintths.Er.Interop", "Services\Glintths.Er.Interop\Glintths.Er.Interop.csproj", "{889944D0-9510-4609-9DC1-BBBB5BDC00A0}"
EndProject
Project("{FAE04EC0-301F-11D3-BF4B-00C04F79EFBC}") = "Glintths.Er.Interop.BusinessLogic", "BusinessLogic\Glintths.Er.Interop.BusinessLogic\Glintths.Er.Interop.BusinessLogic.csproj", "{5B42C954-FFC4-4469-9035-74ECECC1CAAE}"
EndProject
Project("{E24C65DC-7377-472B-9ABA-BC803B73C61A}") = "Glintths.Er.Interop.Host", "Hosts\Glintths.Er.Interop.Host", "{9722DD06-1D3C-456E-8C52-37FD944E434D}"
	ProjectSection(WebsiteProperties) = preProject
		SccProjectName = "SAK"
		SccAuxPath = "SAK"
		SccLocalPath = "SAK"
		SccProvider = "SAK"
		TargetFrameworkMoniker = ".NETFramework,Version%3Dv4.0"
		ProjectReferences = "{889944D0-9510-4609-9DC1-BBBB5BDC00A0}|Glintths.Er.Interop.dll;{5D6F9E1A-DC75-4526-A7C7-90DD77672D7A}|Glintths.Er.Common.Data.dll;{5B42C954-FFC4-4469-9035-74ECECC1CAAE}|Glintths.Er.Interop.BusinessLogic.dll;"
		Debug.AspNetCompiler.VirtualPath = "/Glintths.Er.Interop.Host"
		Debug.AspNetCompiler.PhysicalPath = "Hosts\Glintths.Er.Interop.Host\"
		Debug.AspNetCompiler.TargetPath = "PrecompiledWeb\Glintths.Er.Interop.Host\"
		Debug.AspNetCompiler.Updateable = "true"
		Debug.AspNetCompiler.ForceOverwrite = "true"
		Debug.AspNetCompiler.FixedNames = "false"
		Debug.AspNetCompiler.Debug = "True"
		Release.AspNetCompiler.VirtualPath = "/Glintths.Er.Interop.Host"
		Release.AspNetCompiler.PhysicalPath = "Hosts\Glintths.Er.Interop.Host\"
		Release.AspNetCompiler.TargetPath = "PrecompiledWeb\Glintths.Er.Interop.Host\"
		Release.AspNetCompiler.Updateable = "true"
		Release.AspNetCompiler.ForceOverwrite = "true"
		Release.AspNetCompiler.FixedNames = "false"
		Release.AspNetCompiler.Debug = "False"
		VWDPort = "59592"
		DefaultWebSiteLanguage = "Visual C#"
		StartServerOnDebug = "false"
	EndProjectSection
EndProject
Project("{FAE04EC0-301F-11D3-BF4B-00C04F79EFBC}") = "Cpchs.ER2Indexer.WCF", "Services\Cpchs.ER2Indexer.WCF\Cpchs.ER2Indexer.WCF.csproj", "{9A49DE84-A7F8-4AF4-9765-1F8A9041C52A}"
EndProject
Project("{FAE04EC0-301F-11D3-BF4B-00C04F79EFBC}") = "Glintths.ER2Indexer.WCF.BusinessLogic", "BusinessLogic\Glintths.ER2Indexer.WCF.BusinessLogic\Glintths.ER2Indexer.WCF.BusinessLogic.csproj", "{D23F0670-BA09-42B3-B2E6-2B6761C35BA9}"
EndProject
Project("{E24C65DC-7377-472B-9ABA-BC803B73C61A}") = "Cpchs.ER2Indexer.WCF.Host", "Hosts\Cpchs.ER2Indexer.WCF.Host", "{4A8FC44E-ED4D-4926-9285-FCB493111B1F}"
	ProjectSection(WebsiteProperties) = preProject
		SccProjectName = "SAK"
		SccAuxPath = "SAK"
		SccLocalPath = "SAK"
		SccProvider = "SAK"
		TargetFrameworkMoniker = ".NETFramework,Version%3Dv4.0"
		ProjectReferences = "{9A49DE84-A7F8-4AF4-9765-1F8A9041C52A}|Cpchs.ER2Indexer.WCF.dll;{5D6F9E1A-DC75-4526-A7C7-90DD77672D7A}|Glintths.Er.Common.Data.dll;{D23F0670-BA09-42B3-B2E6-2B6761C35BA9}|Glintths.ER2Indexer.WCF.BusinessLogic.dll;"
		Debug.AspNetCompiler.VirtualPath = "/Cpchs.ER2Indexer.WCF.Host"
		Debug.AspNetCompiler.PhysicalPath = "Hosts\Cpchs.ER2Indexer.WCF.Host\"
		Debug.AspNetCompiler.TargetPath = "PrecompiledWeb\Cpchs.ER2Indexer.WCF.Host\"
		Debug.AspNetCompiler.Updateable = "true"
		Debug.AspNetCompiler.ForceOverwrite = "true"
		Debug.AspNetCompiler.FixedNames = "false"
		Debug.AspNetCompiler.Debug = "True"
		Release.AspNetCompiler.VirtualPath = "/Cpchs.ER2Indexer.WCF.Host"
		Release.AspNetCompiler.PhysicalPath = "Hosts\Cpchs.ER2Indexer.WCF.Host\"
		Release.AspNetCompiler.TargetPath = "PrecompiledWeb\Cpchs.ER2Indexer.WCF.Host\"
		Release.AspNetCompiler.Updateable = "true"
		Release.AspNetCompiler.ForceOverwrite = "true"
		Release.AspNetCompiler.FixedNames = "false"
		Release.AspNetCompiler.Debug = "False"
		VWDPort = "60143"
		DefaultWebSiteLanguage = "Visual C#"
		StartServerOnDebug = "false"
	EndProjectSection
EndProject
Project("{FAE04EC0-301F-11D3-BF4B-00C04F79EFBC}") = "Cpchs.Documents.Web.DataPresenter", "Web\Cpchs.Documents.Web.DataPresenter\Cpchs.Documents.Web.DataPresenter.csproj", "{7A7B77D8-7BC4-4AEA-80CF-70BD234C21EC}"
EndProject
Project("{FAE04EC0-301F-11D3-BF4B-00C04F79EFBC}") = "Cpchs.Documents.WCF.Proxy", "Proxy\Cpchs.Documents.WCF.Proxy\Cpchs.Documents.WCF.Proxy.csproj", "{AE711A5E-B80C-4FCE-A1DB-FF294A3A8838}"
EndProject
Project("{FAE04EC0-301F-11D3-BF4B-00C04F79EFBC}") = "Glintths.Er.Workspaces.BusinessLogic", "BusinessLogic\Glintths.Er.Workspaces.BusinessLogic\Glintths.Er.Workspaces.BusinessLogic.csproj", "{BD25F07C-AFC1-41E5-8C18-CEC4103AFF8B}"
EndProject
Project("{FAE04EC0-301F-11D3-BF4B-00C04F79EFBC}") = "Glintths.Er.Workspaces", "Services\Glintths.Er.Workspaces\Glintths.Er.Workspaces.csproj", "{DC991563-F0AE-4202-9DD8-2116BF4F38F8}"
EndProject
Project("{E24C65DC-7377-472B-9ABA-BC803B73C61A}") = "Glintths.Er.Workspaces.Host", "Hosts\Glintths.Er.Workspaces.Host", "{10FCA6C0-48A7-49F6-AD03-89623DA99071}"
	ProjectSection(WebsiteProperties) = preProject
		SccProjectName = "SAK"
		SccAuxPath = "SAK"
		SccLocalPath = "SAK"
		SccProvider = "SAK"
		TargetFrameworkMoniker = ".NETFramework,Version%3Dv4.0"
		ProjectReferences = "{5D6F9E1A-DC75-4526-A7C7-90DD77672D7A}|Glintths.Er.Common.Data.dll;{DC991563-F0AE-4202-9DD8-2116BF4F38F8}|Glintths.Er.Workspaces.dll;{BD25F07C-AFC1-41E5-8C18-CEC4103AFF8B}|Glintths.Er.Workspaces.BusinessLogic.dll;"
		Debug.AspNetCompiler.VirtualPath = "/Glintths.Er.Workspaces.Host"
		Debug.AspNetCompiler.PhysicalPath = "Hosts\Glintths.Er.Workspaces.Host\"
		Debug.AspNetCompiler.TargetPath = "PrecompiledWeb\Glintths.Er.Workspaces.Host\"
		Debug.AspNetCompiler.Updateable = "true"
		Debug.AspNetCompiler.ForceOverwrite = "true"
		Debug.AspNetCompiler.FixedNames = "false"
		Debug.AspNetCompiler.Debug = "True"
		Release.AspNetCompiler.VirtualPath = "/Glintths.Er.Workspaces.Host"
		Release.AspNetCompiler.PhysicalPath = "Hosts\Glintths.Er.Workspaces.Host\"
		Release.AspNetCompiler.TargetPath = "PrecompiledWeb\Glintths.Er.Workspaces.Host\"
		Release.AspNetCompiler.Updateable = "true"
		Release.AspNetCompiler.ForceOverwrite = "true"
		Release.AspNetCompiler.FixedNames = "false"
		Release.AspNetCompiler.Debug = "False"
		VWDPort = "53275"
		DefaultWebSiteLanguage = "Visual C#"
	EndProjectSection
EndProject
Project("{2150E333-8FDC-42A3-9474-1A3956D46DE8}") = "Utilities", "Utilities", "{890FF328-1E80-46EC-A886-32A4914ADF88}"
EndProject
Project("{FAE04EC0-301F-11D3-BF4B-00C04F79EFBC}") = "Glintths.Er.ThumbDownloader", "Utilities\Glintths.Er.ThumbDownloader\Glintths.Er.ThumbDownloader.csproj", "{CF5A8879-3C0D-494D-8A1C-810B65F63A94}"
EndProject
Project("{FAE04EC0-301F-11D3-BF4B-00C04F79EFBC}") = "Glintths.Er.IPOPDownloader", "Utilities\Glintths.Er.IPOPDownloader\Glintths.Er.IPOPDownloader.csproj", "{19136851-1E84-4469-8C4C-46927D5A000B}"
EndProject
Project("{2150E333-8FDC-42A3-9474-1A3956D46DE8}") = "Task", "Task", "{53107025-36EC-4843-AAC9-8D90A25AD601}"
EndProject
Project("{FAE04EC0-301F-11D3-BF4B-00C04F79EFBC}") = "Glintths.Er.Task", "Glintths.Er.Task\Glintths.Er.Task.csproj", "{7F9CB443-99B0-48E0-9A0C-532248FCFBC6}"
	ProjectSection(ProjectDependencies) = postProject
		{73CBA495-D444-4FE3-9581-10D69F8D94D3} = {73CBA495-D444-4FE3-9581-10D69F8D94D3}
	EndProjectSection
EndProject
Global
	GlobalSection(TeamFoundationVersionControl) = preSolution
		SccNumberOfProjects = 32
		SccEnterpriseProvider = {4CA58AB2-18FA-4F8D-95D4-32DDF27D184C}
		SccTeamFoundationServer = http://vtfs2013.glintt.com:8080/tfs/tfs2008_collection
		SccLocalPath0 = .
		SccProjectUniqueName1 = Glintths.Er.WebServices\\Glintths.Er.WebServices.csproj
		SccProjectTopLevelParentUniqueName1 = Glintths.Er.WebServices.sln
		SccProjectName1 = Glintths.Er.WebServices
		SccLocalPath1 = Glintths.Er.WebServices
		SccProjectUniqueName2 = Data\\Glintths.Er.Common.Data\\Glintths.Er.Common.Data.csproj
		SccProjectTopLevelParentUniqueName2 = Glintths.Er.WebServices.sln
		SccProjectName2 = Data/Glintths.Er.Common.Data
		SccLocalPath2 = Data\\Glintths.Er.Common.Data
		SccProjectUniqueName3 = Services\\Glintths.Base.WCF\\Glintths.Base.WCF.csproj
		SccProjectTopLevelParentUniqueName3 = Glintths.Er.WebServices.sln
		SccProjectName3 = Services/Glintths.Base.WCF
		SccLocalPath3 = Services\\Glintths.Base.WCF
		SccProjectUniqueName4 = BusinessLogic\\Glintths.Base.WCF.BusinessLogic\\Glintths.Base.WCF.BusinessLogic.csproj
		SccProjectTopLevelParentUniqueName4 = Glintths.Er.WebServices.sln
		SccProjectName4 = BusinessLogic/Glintths.Base.WCF.BusinessLogic
		SccLocalPath4 = BusinessLogic\\Glintths.Base.WCF.BusinessLogic
		SccProjectUniqueName5 = Services\\Cpchs.Entities.WCF\\Cpchs.Entities.WCF.csproj
		SccProjectTopLevelParentUniqueName5 = Glintths.Er.WebServices.sln
		SccProjectName5 = Services/Cpchs.Entities.WCF
		SccLocalPath5 = Services\\Cpchs.Entities.WCF
		SccProjectUniqueName6 = BusinessLogic\\Glintths.Entities.WCF.BusinessLogic\\Glintths.Entities.WCF.BusinessLogic.csproj
		SccProjectTopLevelParentUniqueName6 = Glintths.Er.WebServices.sln
		SccProjectName6 = BusinessLogic/Glintths.Entities.WCF.BusinessLogic
		SccLocalPath6 = BusinessLogic\\Glintths.Entities.WCF.BusinessLogic
		SccProjectUniqueName7 = Services\\Cpchs.Documents.WCF\\Cpchs.Documents.WCF.csproj
		SccProjectTopLevelParentUniqueName7 = Glintths.Er.WebServices.sln
		SccProjectName7 = Services/Cpchs.Documents.WCF
		SccLocalPath7 = Services\\Cpchs.Documents.WCF
		SccProjectUniqueName8 = BusinessLogic\\Glintths.Documents.WCF.BusinessLogic\\Glintths.Documents.WCF.BusinessLogic.csproj
		SccProjectTopLevelParentUniqueName8 = Glintths.Er.WebServices.sln
		SccProjectName8 = BusinessLogic/Glintths.Documents.WCF.BusinessLogic
		SccLocalPath8 = BusinessLogic\\Glintths.Documents.WCF.BusinessLogic
		SccProjectUniqueName9 = BusinessLogic\\Glintths.Activities.WCF.BusinessLogic\\Glintths.Activities.WCF.BusinessLogic.csproj
		SccProjectTopLevelParentUniqueName9 = Glintths.Er.WebServices.sln
		SccProjectName9 = BusinessLogic/Glintths.Activities.WCF.BusinessLogic
		SccLocalPath9 = BusinessLogic\\Glintths.Activities.WCF.BusinessLogic
		SccProjectUniqueName10 = Services\\Cpchs.Activities.WCF\\Cpchs.Activities.WCF.csproj
		SccProjectTopLevelParentUniqueName10 = Glintths.Er.WebServices.sln
		SccProjectName10 = Services/Cpchs.Activities.WCF
		SccLocalPath10 = Services\\Cpchs.Activities.WCF
		SccProjectUniqueName11 = Services\\Cpchs.History.WCF\\Cpchs.History.WCF.csproj
		SccProjectTopLevelParentUniqueName11 = Glintths.Er.WebServices.sln
		SccProjectName11 = Services/Cpchs.History.WCF
		SccLocalPath11 = Services\\Cpchs.History.WCF
		SccProjectUniqueName12 = Services\\Glintths.Er.Interop\\Glintths.Er.Interop.csproj
		SccProjectTopLevelParentUniqueName12 = Glintths.Er.WebServices.sln
		SccProjectName12 = Services/Glintths.Er.Interop
		SccLocalPath12 = Services\\Glintths.Er.Interop
		SccProjectUniqueName13 = BusinessLogic\\Glintths.Er.Interop.BusinessLogic\\Glintths.Er.Interop.BusinessLogic.csproj
		SccProjectTopLevelParentUniqueName13 = Glintths.Er.WebServices.sln
		SccProjectName13 = BusinessLogic/Glintths.Er.Interop.BusinessLogic
		SccLocalPath13 = BusinessLogic\\Glintths.Er.Interop.BusinessLogic
		SccProjectUniqueName14 = Services\\Cpchs.ER2Indexer.WCF\\Cpchs.ER2Indexer.WCF.csproj
		SccProjectTopLevelParentUniqueName14 = Glintths.Er.WebServices.sln
		SccProjectName14 = Services/Cpchs.ER2Indexer.WCF
		SccLocalPath14 = Services\\Cpchs.ER2Indexer.WCF
		SccProjectUniqueName15 = BusinessLogic\\Glintths.ER2Indexer.WCF.BusinessLogic\\Glintths.ER2Indexer.WCF.BusinessLogic.csproj
		SccProjectTopLevelParentUniqueName15 = Glintths.Er.WebServices.sln
		SccProjectName15 = BusinessLogic/Glintths.ER2Indexer.WCF.BusinessLogic
		SccLocalPath15 = BusinessLogic\\Glintths.ER2Indexer.WCF.BusinessLogic
		SccProjectUniqueName16 = Web\\Cpchs.Documents.Web.DataPresenter\\Cpchs.Documents.Web.DataPresenter.csproj
		SccProjectTopLevelParentUniqueName16 = Glintths.Er.WebServices.sln
		SccProjectName16 = Web/Cpchs.Documents.Web.DataPresenter
		SccLocalPath16 = Web\\Cpchs.Documents.Web.DataPresenter
		SccProjectUniqueName17 = Proxy\\Cpchs.Documents.WCF.Proxy\\Cpchs.Documents.WCF.Proxy.csproj
		SccProjectTopLevelParentUniqueName17 = Glintths.Er.WebServices.sln
		SccProjectName17 = Proxy/Cpchs.Documents.WCF.Proxy
		SccLocalPath17 = Proxy\\Cpchs.Documents.WCF.Proxy
		SccProjectUniqueName18 = BusinessLogic\\Glintths.Er.Workspaces.BusinessLogic\\Glintths.Er.Workspaces.BusinessLogic.csproj
		SccProjectTopLevelParentUniqueName18 = Glintths.Er.WebServices.sln
		SccProjectName18 = BusinessLogic/Glintths.Er.Workspaces.BusinessLogic
		SccLocalPath18 = BusinessLogic\\Glintths.Er.Workspaces.BusinessLogic
		SccProjectUniqueName19 = Services\\Glintths.Er.Workspaces\\Glintths.Er.Workspaces.csproj
		SccProjectTopLevelParentUniqueName19 = Glintths.Er.WebServices.sln
		SccProjectName19 = Services/Glintths.Er.Workspaces
		SccLocalPath19 = Services\\Glintths.Er.Workspaces
		SccProjectUniqueName20 = Utilities\\Glintths.Er.ThumbDownloader\\Glintths.Er.ThumbDownloader.csproj
		SccProjectTopLevelParentUniqueName20 = Glintths.Er.WebServices.sln
		SccProjectName20 = Utilities/Glintths.Er.ThumbDownloader
		SccLocalPath20 = Utilities\\Glintths.Er.ThumbDownloader
		SccProjectUniqueName21 = Utilities\\Glintths.Er.IPOPDownloader\\Glintths.Er.IPOPDownloader.csproj
		SccProjectTopLevelParentUniqueName21 = Glintths.Er.WebServices.sln
		SccProjectName21 = Utilities/Glintths.Er.IPOPDownloader
		SccLocalPath21 = Utilities\\Glintths.Er.IPOPDownloader
		SccProjectUniqueName22 = Glintths.Er.Task\\Glintths.Er.Task.csproj
		SccProjectTopLevelParentUniqueName22 = Glintths.Er.WebServices.sln
		SccProjectName22 = Glintths.Er.Task
		SccLocalPath22 = Glintths.Er.Task
		SccWebProject23 = true
		SccProjectUniqueName23 = Hosts\\Glintths.Base.WCF.Host
		SccProjectTopLevelParentUniqueName23 = Glintths.Er.WebServices.sln
		SccProjectName23 = Hosts/Glintths.Base.WCF.Host
		SccLocalPath23 = Hosts\\Glintths.Base.WCF.Host
		SccProjectEnlistmentChoice23 = 2
		SccWebProject24 = true
		SccProjectUniqueName24 = Hosts\\Cpchs.Entities.WCF.Host
		SccProjectTopLevelParentUniqueName24 = Glintths.Er.WebServices.sln
		SccProjectName24 = Hosts/Cpchs.Entities.WCF.Host
		SccLocalPath24 = Hosts\\Cpchs.Entities.WCF.Host
		SccProjectEnlistmentChoice24 = 2
		SccWebProject25 = true
		SccProjectUniqueName25 = Hosts\\Cpchs.Documents.WCF.Host
		SccProjectTopLevelParentUniqueName25 = Glintths.Er.WebServices.sln
		SccProjectName25 = Hosts/Cpchs.Documents.WCF.Host
		SccLocalPath25 = Hosts\\Cpchs.Documents.WCF.Host
		SccProjectEnlistmentChoice25 = 2
		SccWebProject26 = true
		SccProjectUniqueName26 = Hosts\\Cpchs.Activities.WCF.Host
		SccProjectTopLevelParentUniqueName26 = Glintths.Er.WebServices.sln
		SccProjectName26 = Hosts/Cpchs.Activities.WCF.Host
		SccLocalPath26 = Hosts\\Cpchs.Activities.WCF.Host
		SccProjectEnlistmentChoice26 = 2
		SccWebProject27 = true
		SccProjectUniqueName27 = Hosts\\Cpchs.History.WCF.Host
		SccProjectTopLevelParentUniqueName27 = Glintths.Er.WebServices.sln
		SccProjectName27 = Hosts/Cpchs.History.WCF.Host
		SccLocalPath27 = Hosts\\Cpchs.History.WCF.Host
		SccProjectEnlistmentChoice27 = 2
		SccWebProject28 = true
		SccProjectUniqueName28 = Hosts\\Glintths.Er.AnaRes.Host
		SccProjectTopLevelParentUniqueName28 = Glintths.Er.WebServices.sln
		SccProjectName28 = Hosts/Glintths.Er.AnaRes.Host
		SccLocalPath28 = Hosts\\Glintths.Er.AnaRes.Host
		SccProjectEnlistmentChoice28 = 2
		SccWebProject29 = true
		SccProjectUniqueName29 = Hosts\\Glintths.Er.Interop.Host
		SccProjectTopLevelParentUniqueName29 = Glintths.Er.WebServices.sln
		SccProjectName29 = Hosts/Glintths.Er.Interop.Host
		SccLocalPath29 = Hosts\\Glintths.Er.Interop.Host
		SccProjectEnlistmentChoice29 = 2
		SccWebProject30 = true
		SccProjectUniqueName30 = Hosts\\Cpchs.ER2Indexer.WCF.Host
		SccProjectTopLevelParentUniqueName30 = Glintths.Er.WebServices.sln
		SccProjectName30 = Hosts/Cpchs.ER2Indexer.WCF.Host
		SccLocalPath30 = Hosts\\Cpchs.ER2Indexer.WCF.Host
		SccProjectEnlistmentChoice30 = 2
		SccWebProject31 = true
		SccProjectUniqueName31 = Hosts\\Glintths.Er.Workspaces.Host
		SccProjectTopLevelParentUniqueName31 = Glintths.Er.WebServices.sln
		SccProjectName31 = Hosts/Glintths.Er.Workspaces.Host
		SccLocalPath31 = Hosts\\Glintths.Er.Workspaces.Host
		SccProjectEnlistmentChoice31 = 2
	EndGlobalSection
	GlobalSection(SolutionConfigurationPlatforms) = preSolution
		Debug|Any CPU = Debug|Any CPU
		Release|Any CPU = Release|Any CPU
	EndGlobalSection
	GlobalSection(ProjectConfigurationPlatforms) = postSolution
		{17B04C87-FFE2-4848-8D98-D66B3752638B}.Debug|Any CPU.ActiveCfg = Debug|Any CPU
		{17B04C87-FFE2-4848-8D98-D66B3752638B}.Debug|Any CPU.Build.0 = Debug|Any CPU
		{17B04C87-FFE2-4848-8D98-D66B3752638B}.Release|Any CPU.ActiveCfg = Release|Any CPU
		{17B04C87-FFE2-4848-8D98-D66B3752638B}.Release|Any CPU.Build.0 = Release|Any CPU
		{5D6F9E1A-DC75-4526-A7C7-90DD77672D7A}.Debug|Any CPU.ActiveCfg = Debug|Any CPU
		{5D6F9E1A-DC75-4526-A7C7-90DD77672D7A}.Debug|Any CPU.Build.0 = Debug|Any CPU
		{5D6F9E1A-DC75-4526-A7C7-90DD77672D7A}.Release|Any CPU.ActiveCfg = Release|Any CPU
		{5D6F9E1A-DC75-4526-A7C7-90DD77672D7A}.Release|Any CPU.Build.0 = Release|Any CPU
		{12416075-E31D-4F57-A7EC-0FF2E17473F0}.Debug|Any CPU.ActiveCfg = Debug|Any CPU
		{12416075-E31D-4F57-A7EC-0FF2E17473F0}.Debug|Any CPU.Build.0 = Debug|Any CPU
		{12416075-E31D-4F57-A7EC-0FF2E17473F0}.Release|Any CPU.ActiveCfg = Release|Any CPU
		{12416075-E31D-4F57-A7EC-0FF2E17473F0}.Release|Any CPU.Build.0 = Release|Any CPU
		{7CC155D4-F8E5-4626-AA04-52940350CC78}.Debug|Any CPU.ActiveCfg = Debug|Any CPU
		{7CC155D4-F8E5-4626-AA04-52940350CC78}.Debug|Any CPU.Build.0 = Debug|Any CPU
		{7CC155D4-F8E5-4626-AA04-52940350CC78}.Release|Any CPU.ActiveCfg = Release|Any CPU
		{7CC155D4-F8E5-4626-AA04-52940350CC78}.Release|Any CPU.Build.0 = Release|Any CPU
		{A2DD6EB9-7BE2-4C1F-891C-34045BA93BD7}.Debug|Any CPU.ActiveCfg = Debug|Any CPU
		{A2DD6EB9-7BE2-4C1F-891C-34045BA93BD7}.Debug|Any CPU.Build.0 = Debug|Any CPU
		{A2DD6EB9-7BE2-4C1F-891C-34045BA93BD7}.Release|Any CPU.ActiveCfg = Debug|Any CPU
		{A2DD6EB9-7BE2-4C1F-891C-34045BA93BD7}.Release|Any CPU.Build.0 = Debug|Any CPU
		{93B1ED63-EEF4-4D43-B213-1B01B619B86B}.Debug|Any CPU.ActiveCfg = Debug|Any CPU
		{93B1ED63-EEF4-4D43-B213-1B01B619B86B}.Debug|Any CPU.Build.0 = Debug|Any CPU
		{93B1ED63-EEF4-4D43-B213-1B01B619B86B}.Release|Any CPU.ActiveCfg = Release|Any CPU
		{93B1ED63-EEF4-4D43-B213-1B01B619B86B}.Release|Any CPU.Build.0 = Release|Any CPU
		{2C8728FA-02C6-48DA-A1D6-4CB394AE87FB}.Debug|Any CPU.ActiveCfg = Debug|Any CPU
		{2C8728FA-02C6-48DA-A1D6-4CB394AE87FB}.Debug|Any CPU.Build.0 = Debug|Any CPU
		{2C8728FA-02C6-48DA-A1D6-4CB394AE87FB}.Release|Any CPU.ActiveCfg = Release|Any CPU
		{2C8728FA-02C6-48DA-A1D6-4CB394AE87FB}.Release|Any CPU.Build.0 = Release|Any CPU
		{E3095A60-F659-4318-B8A7-215B489F4052}.Debug|Any CPU.ActiveCfg = Debug|Any CPU
		{E3095A60-F659-4318-B8A7-215B489F4052}.Debug|Any CPU.Build.0 = Debug|Any CPU
		{E3095A60-F659-4318-B8A7-215B489F4052}.Release|Any CPU.ActiveCfg = Debug|Any CPU
		{E3095A60-F659-4318-B8A7-215B489F4052}.Release|Any CPU.Build.0 = Debug|Any CPU
		{B60C7916-A1BF-46EE-9691-940471BA88B2}.Debug|Any CPU.ActiveCfg = Debug|Any CPU
		{B60C7916-A1BF-46EE-9691-940471BA88B2}.Debug|Any CPU.Build.0 = Debug|Any CPU
		{B60C7916-A1BF-46EE-9691-940471BA88B2}.Release|Any CPU.ActiveCfg = Release|Any CPU
		{B60C7916-A1BF-46EE-9691-940471BA88B2}.Release|Any CPU.Build.0 = Release|Any CPU
		{61FE2787-CD73-4DE9-921B-BEDE6C1044AD}.Debug|Any CPU.ActiveCfg = Debug|Any CPU
		{61FE2787-CD73-4DE9-921B-BEDE6C1044AD}.Debug|Any CPU.Build.0 = Debug|Any CPU
		{61FE2787-CD73-4DE9-921B-BEDE6C1044AD}.Release|Any CPU.ActiveCfg = Release|Any CPU
		{61FE2787-CD73-4DE9-921B-BEDE6C1044AD}.Release|Any CPU.Build.0 = Release|Any CPU
		{73CBA495-D444-4FE3-9581-10D69F8D94D3}.Debug|Any CPU.ActiveCfg = Debug|Any CPU
		{73CBA495-D444-4FE3-9581-10D69F8D94D3}.Debug|Any CPU.Build.0 = Debug|Any CPU
		{73CBA495-D444-4FE3-9581-10D69F8D94D3}.Release|Any CPU.ActiveCfg = Debug|Any CPU
		{73CBA495-D444-4FE3-9581-10D69F8D94D3}.Release|Any CPU.Build.0 = Debug|Any CPU
		{7D7FABA8-C234-4027-8E85-BEDF975A397A}.Debug|Any CPU.ActiveCfg = Debug|Any CPU
		{7D7FABA8-C234-4027-8E85-BEDF975A397A}.Debug|Any CPU.Build.0 = Debug|Any CPU
		{7D7FABA8-C234-4027-8E85-BEDF975A397A}.Release|Any CPU.ActiveCfg = Release|Any CPU
		{7D7FABA8-C234-4027-8E85-BEDF975A397A}.Release|Any CPU.Build.0 = Release|Any CPU
		{F56E86EE-7CD3-4054-AB48-8F02C25C1210}.Debug|Any CPU.ActiveCfg = Debug|Any CPU
		{F56E86EE-7CD3-4054-AB48-8F02C25C1210}.Debug|Any CPU.Build.0 = Debug|Any CPU
		{F56E86EE-7CD3-4054-AB48-8F02C25C1210}.Release|Any CPU.ActiveCfg = Release|Any CPU
		{F56E86EE-7CD3-4054-AB48-8F02C25C1210}.Release|Any CPU.Build.0 = Release|Any CPU
		{E074C8CC-C217-406F-A8BF-09707A18EE6A}.Debug|Any CPU.ActiveCfg = Debug|Any CPU
		{E074C8CC-C217-406F-A8BF-09707A18EE6A}.Debug|Any CPU.Build.0 = Debug|Any CPU
		{E074C8CC-C217-406F-A8BF-09707A18EE6A}.Release|Any CPU.ActiveCfg = Debug|Any CPU
		{E074C8CC-C217-406F-A8BF-09707A18EE6A}.Release|Any CPU.Build.0 = Debug|Any CPU
		{DC3E76FB-7C01-48DB-893B-EE21CAA520DE}.Debug|Any CPU.ActiveCfg = Debug|Any CPU
		{DC3E76FB-7C01-48DB-893B-EE21CAA520DE}.Debug|Any CPU.Build.0 = Debug|Any CPU
		{DC3E76FB-7C01-48DB-893B-EE21CAA520DE}.Release|Any CPU.ActiveCfg = Release|Any CPU
		{DC3E76FB-7C01-48DB-893B-EE21CAA520DE}.Release|Any CPU.Build.0 = Release|Any CPU
		{4BD99734-A782-4FDE-84ED-37BAB3DCC61F}.Debug|Any CPU.ActiveCfg = Debug|Any CPU
		{4BD99734-A782-4FDE-84ED-37BAB3DCC61F}.Debug|Any CPU.Build.0 = Debug|Any CPU
		{4BD99734-A782-4FDE-84ED-37BAB3DCC61F}.Release|Any CPU.ActiveCfg = Debug|Any CPU
		{4BD99734-A782-4FDE-84ED-37BAB3DCC61F}.Release|Any CPU.Build.0 = Debug|Any CPU
		{C2DB52B1-4A35-44F8-8224-F8682C724EFA}.Debug|Any CPU.ActiveCfg = Debug|Any CPU
		{C2DB52B1-4A35-44F8-8224-F8682C724EFA}.Debug|Any CPU.Build.0 = Debug|Any CPU
		{C2DB52B1-4A35-44F8-8224-F8682C724EFA}.Release|Any CPU.ActiveCfg = Debug|Any CPU
		{C2DB52B1-4A35-44F8-8224-F8682C724EFA}.Release|Any CPU.Build.0 = Debug|Any CPU
		{889944D0-9510-4609-9DC1-BBBB5BDC00A0}.Debug|Any CPU.ActiveCfg = Debug|Any CPU
		{889944D0-9510-4609-9DC1-BBBB5BDC00A0}.Debug|Any CPU.Build.0 = Debug|Any CPU
		{889944D0-9510-4609-9DC1-BBBB5BDC00A0}.Release|Any CPU.ActiveCfg = Release|Any CPU
		{889944D0-9510-4609-9DC1-BBBB5BDC00A0}.Release|Any CPU.Build.0 = Release|Any CPU
		{5B42C954-FFC4-4469-9035-74ECECC1CAAE}.Debug|Any CPU.ActiveCfg = Debug|Any CPU
		{5B42C954-FFC4-4469-9035-74ECECC1CAAE}.Debug|Any CPU.Build.0 = Debug|Any CPU
		{5B42C954-FFC4-4469-9035-74ECECC1CAAE}.Release|Any CPU.ActiveCfg = Release|Any CPU
		{5B42C954-FFC4-4469-9035-74ECECC1CAAE}.Release|Any CPU.Build.0 = Release|Any CPU
		{9722DD06-1D3C-456E-8C52-37FD944E434D}.Debug|Any CPU.ActiveCfg = Debug|Any CPU
		{9722DD06-1D3C-456E-8C52-37FD944E434D}.Debug|Any CPU.Build.0 = Debug|Any CPU
		{9722DD06-1D3C-456E-8C52-37FD944E434D}.Release|Any CPU.ActiveCfg = Debug|Any CPU
		{9722DD06-1D3C-456E-8C52-37FD944E434D}.Release|Any CPU.Build.0 = Debug|Any CPU
		{9A49DE84-A7F8-4AF4-9765-1F8A9041C52A}.Debug|Any CPU.ActiveCfg = Debug|Any CPU
		{9A49DE84-A7F8-4AF4-9765-1F8A9041C52A}.Debug|Any CPU.Build.0 = Debug|Any CPU
		{9A49DE84-A7F8-4AF4-9765-1F8A9041C52A}.Release|Any CPU.ActiveCfg = Release|Any CPU
		{9A49DE84-A7F8-4AF4-9765-1F8A9041C52A}.Release|Any CPU.Build.0 = Release|Any CPU
		{D23F0670-BA09-42B3-B2E6-2B6761C35BA9}.Debug|Any CPU.ActiveCfg = Debug|Any CPU
		{D23F0670-BA09-42B3-B2E6-2B6761C35BA9}.Debug|Any CPU.Build.0 = Debug|Any CPU
		{D23F0670-BA09-42B3-B2E6-2B6761C35BA9}.Release|Any CPU.ActiveCfg = Release|Any CPU
		{D23F0670-BA09-42B3-B2E6-2B6761C35BA9}.Release|Any CPU.Build.0 = Release|Any CPU
		{4A8FC44E-ED4D-4926-9285-FCB493111B1F}.Debug|Any CPU.ActiveCfg = Debug|Any CPU
		{4A8FC44E-ED4D-4926-9285-FCB493111B1F}.Debug|Any CPU.Build.0 = Debug|Any CPU
		{4A8FC44E-ED4D-4926-9285-FCB493111B1F}.Release|Any CPU.ActiveCfg = Debug|Any CPU
		{4A8FC44E-ED4D-4926-9285-FCB493111B1F}.Release|Any CPU.Build.0 = Debug|Any CPU
		{7A7B77D8-7BC4-4AEA-80CF-70BD234C21EC}.Debug|Any CPU.ActiveCfg = Debug|Any CPU
		{7A7B77D8-7BC4-4AEA-80CF-70BD234C21EC}.Debug|Any CPU.Build.0 = Debug|Any CPU
		{7A7B77D8-7BC4-4AEA-80CF-70BD234C21EC}.Release|Any CPU.ActiveCfg = Release|Any CPU
		{7A7B77D8-7BC4-4AEA-80CF-70BD234C21EC}.Release|Any CPU.Build.0 = Release|Any CPU
		{AE711A5E-B80C-4FCE-A1DB-FF294A3A8838}.Debug|Any CPU.ActiveCfg = Debug|Any CPU
		{AE711A5E-B80C-4FCE-A1DB-FF294A3A8838}.Debug|Any CPU.Build.0 = Debug|Any CPU
		{AE711A5E-B80C-4FCE-A1DB-FF294A3A8838}.Release|Any CPU.ActiveCfg = Release|Any CPU
		{AE711A5E-B80C-4FCE-A1DB-FF294A3A8838}.Release|Any CPU.Build.0 = Release|Any CPU
		{BD25F07C-AFC1-41E5-8C18-CEC4103AFF8B}.Debug|Any CPU.ActiveCfg = Debug|Any CPU
		{BD25F07C-AFC1-41E5-8C18-CEC4103AFF8B}.Debug|Any CPU.Build.0 = Debug|Any CPU
		{BD25F07C-AFC1-41E5-8C18-CEC4103AFF8B}.Release|Any CPU.ActiveCfg = Release|Any CPU
		{BD25F07C-AFC1-41E5-8C18-CEC4103AFF8B}.Release|Any CPU.Build.0 = Release|Any CPU
		{DC991563-F0AE-4202-9DD8-2116BF4F38F8}.Debug|Any CPU.ActiveCfg = Debug|Any CPU
		{DC991563-F0AE-4202-9DD8-2116BF4F38F8}.Debug|Any CPU.Build.0 = Debug|Any CPU
		{DC991563-F0AE-4202-9DD8-2116BF4F38F8}.Release|Any CPU.ActiveCfg = Release|Any CPU
		{DC991563-F0AE-4202-9DD8-2116BF4F38F8}.Release|Any CPU.Build.0 = Release|Any CPU
		{10FCA6C0-48A7-49F6-AD03-89623DA99071}.Debug|Any CPU.ActiveCfg = Debug|Any CPU
		{10FCA6C0-48A7-49F6-AD03-89623DA99071}.Debug|Any CPU.Build.0 = Debug|Any CPU
		{10FCA6C0-48A7-49F6-AD03-89623DA99071}.Release|Any CPU.ActiveCfg = Debug|Any CPU
		{10FCA6C0-48A7-49F6-AD03-89623DA99071}.Release|Any CPU.Build.0 = Debug|Any CPU
		{CF5A8879-3C0D-494D-8A1C-810B65F63A94}.Debug|Any CPU.ActiveCfg = Debug|Any CPU
		{CF5A8879-3C0D-494D-8A1C-810B65F63A94}.Debug|Any CPU.Build.0 = Debug|Any CPU
		{CF5A8879-3C0D-494D-8A1C-810B65F63A94}.Release|Any CPU.ActiveCfg = Release|Any CPU
		{CF5A8879-3C0D-494D-8A1C-810B65F63A94}.Release|Any CPU.Build.0 = Release|Any CPU
		{19136851-1E84-4469-8C4C-46927D5A000B}.Debug|Any CPU.ActiveCfg = Debug|Any CPU
		{19136851-1E84-4469-8C4C-46927D5A000B}.Debug|Any CPU.Build.0 = Debug|Any CPU
		{19136851-1E84-4469-8C4C-46927D5A000B}.Release|Any CPU.ActiveCfg = Release|Any CPU
		{19136851-1E84-4469-8C4C-46927D5A000B}.Release|Any CPU.Build.0 = Release|Any CPU
		{7F9CB443-99B0-48E0-9A0C-532248FCFBC6}.Debug|Any CPU.ActiveCfg = Debug|Any CPU
		{7F9CB443-99B0-48E0-9A0C-532248FCFBC6}.Debug|Any CPU.Build.0 = Debug|Any CPU
		{7F9CB443-99B0-48E0-9A0C-532248FCFBC6}.Release|Any CPU.ActiveCfg = Release|Any CPU
		{7F9CB443-99B0-48E0-9A0C-532248FCFBC6}.Release|Any CPU.Build.0 = Release|Any CPU
	EndGlobalSection
	GlobalSection(SolutionProperties) = preSolution
		HideSolutionNode = FALSE
	EndGlobalSection
	GlobalSection(NestedProjects) = preSolution
		{EB2C1A53-E50F-4BEC-B9FF-82FD1165013B} = {214D8725-D25E-419A-9059-AEF1975D937E}
		{5D2B91F7-7689-4997-A47C-508719A8AD84} = {214D8725-D25E-419A-9059-AEF1975D937E}
		{3F0C2D3B-ADC9-4425-B6D9-C3D6E32ABF50} = {214D8725-D25E-419A-9059-AEF1975D937E}
		{68E38D6D-2D7D-4C2D-8D00-406FC297BA0D} = {214D8725-D25E-419A-9059-AEF1975D937E}
		{804B13E5-1116-456A-B485-F0881EF40550} = {214D8725-D25E-419A-9059-AEF1975D937E}
		{17B04C87-FFE2-4848-8D98-D66B3752638B} = {214D8725-D25E-419A-9059-AEF1975D937E}
		{890FF328-1E80-46EC-A886-32A4914ADF88} = {214D8725-D25E-419A-9059-AEF1975D937E}
		{53107025-36EC-4843-AAC9-8D90A25AD601} = {214D8725-D25E-419A-9059-AEF1975D937E}
		{5D6F9E1A-DC75-4526-A7C7-90DD77672D7A} = {EB2C1A53-E50F-4BEC-B9FF-82FD1165013B}
		{7CC155D4-F8E5-4626-AA04-52940350CC78} = {5D2B91F7-7689-4997-A47C-508719A8AD84}
		{2C8728FA-02C6-48DA-A1D6-4CB394AE87FB} = {5D2B91F7-7689-4997-A47C-508719A8AD84}
		{61FE2787-CD73-4DE9-921B-BEDE6C1044AD} = {5D2B91F7-7689-4997-A47C-508719A8AD84}
		{7D7FABA8-C234-4027-8E85-BEDF975A397A} = {5D2B91F7-7689-4997-A47C-508719A8AD84}
		{5B42C954-FFC4-4469-9035-74ECECC1CAAE} = {5D2B91F7-7689-4997-A47C-508719A8AD84}
		{D23F0670-BA09-42B3-B2E6-2B6761C35BA9} = {5D2B91F7-7689-4997-A47C-508719A8AD84}
		{BD25F07C-AFC1-41E5-8C18-CEC4103AFF8B} = {5D2B91F7-7689-4997-A47C-508719A8AD84}
		{12416075-E31D-4F57-A7EC-0FF2E17473F0} = {3F0C2D3B-ADC9-4425-B6D9-C3D6E32ABF50}
		{93B1ED63-EEF4-4D43-B213-1B01B619B86B} = {3F0C2D3B-ADC9-4425-B6D9-C3D6E32ABF50}
		{B60C7916-A1BF-46EE-9691-940471BA88B2} = {3F0C2D3B-ADC9-4425-B6D9-C3D6E32ABF50}
		{F56E86EE-7CD3-4054-AB48-8F02C25C1210} = {3F0C2D3B-ADC9-4425-B6D9-C3D6E32ABF50}
		{DC3E76FB-7C01-48DB-893B-EE21CAA520DE} = {3F0C2D3B-ADC9-4425-B6D9-C3D6E32ABF50}
		{889944D0-9510-4609-9DC1-BBBB5BDC00A0} = {3F0C2D3B-ADC9-4425-B6D9-C3D6E32ABF50}
		{9A49DE84-A7F8-4AF4-9765-1F8A9041C52A} = {3F0C2D3B-ADC9-4425-B6D9-C3D6E32ABF50}
		{DC991563-F0AE-4202-9DD8-2116BF4F38F8} = {3F0C2D3B-ADC9-4425-B6D9-C3D6E32ABF50}
		{A2DD6EB9-7BE2-4C1F-891C-34045BA93BD7} = {5D6BDFC2-EF33-43EE-9D95-80187D131466}
		{E3095A60-F659-4318-B8A7-215B489F4052} = {5D6BDFC2-EF33-43EE-9D95-80187D131466}
		{73CBA495-D444-4FE3-9581-10D69F8D94D3} = {5D6BDFC2-EF33-43EE-9D95-80187D131466}
		{E074C8CC-C217-406F-A8BF-09707A18EE6A} = {5D6BDFC2-EF33-43EE-9D95-80187D131466}
		{4BD99734-A782-4FDE-84ED-37BAB3DCC61F} = {5D6BDFC2-EF33-43EE-9D95-80187D131466}
		{C2DB52B1-4A35-44F8-8224-F8682C724EFA} = {5D6BDFC2-EF33-43EE-9D95-80187D131466}
		{9722DD06-1D3C-456E-8C52-37FD944E434D} = {5D6BDFC2-EF33-43EE-9D95-80187D131466}
		{4A8FC44E-ED4D-4926-9285-FCB493111B1F} = {5D6BDFC2-EF33-43EE-9D95-80187D131466}
		{10FCA6C0-48A7-49F6-AD03-89623DA99071} = {5D6BDFC2-EF33-43EE-9D95-80187D131466}
		{7A7B77D8-7BC4-4AEA-80CF-70BD234C21EC} = {68E38D6D-2D7D-4C2D-8D00-406FC297BA0D}
		{AE711A5E-B80C-4FCE-A1DB-FF294A3A8838} = {804B13E5-1116-456A-B485-F0881EF40550}
		{CF5A8879-3C0D-494D-8A1C-810B65F63A94} = {890FF328-1E80-46EC-A886-32A4914ADF88}
		{19136851-1E84-4469-8C4C-46927D5A000B} = {890FF328-1E80-46EC-A886-32A4914ADF88}
		{7F9CB443-99B0-48E0-9A0C-532248FCFBC6} = {53107025-36EC-4843-AAC9-8D90A25AD601}
	EndGlobalSection
EndGlobal
